
Microsoft Visual Studio Solution File, Format Version 12.00
# Visual Studio Version 17
VisualStudioVersion = 17.9.34622.214
MinimumVisualStudioVersion = 10.0.40219.1
Project("{FAE04EC0-301F-11D3-BF4B-00C04F79EFBC}") = "Royal.API.Middleware", "Royal.API.Middleware\Royal.API.Middleware.csproj", "{89F5B5D4-E88C-4840-83E5-FC4DC308FB2A}"
EndProject
Global
	GlobalSection(SolutionConfigurationPlatforms) = preSolution
		Debug|Any CPU = Debug|Any CPU
		Release|Any CPU = Release|Any CPU
	EndGlobalSection
	GlobalSection(ProjectConfigurationPlatforms) = postSolution
		{89F5B5D4-E88C-4840-83E5-FC4DC308FB2A}.Debug|Any CPU.ActiveCfg = Debug|Any CPU
		{89F5B5D4-E88C-4840-83E5-FC4DC308FB2A}.Debug|Any CPU.Build.0 = Debug|Any CPU
		{89F5B5D4-E88C-4840-83E5-FC4DC308FB2A}.Release|Any CPU.ActiveCfg = Release|Any CPU
		{89F5B5D4-E88C-4840-83E5-FC4DC308FB2A}.Release|Any CPU.Build.0 = Release|Any CPU
	EndGlobalSection
	GlobalSection(SolutionProperties) = preSolution
		HideSolutionNode = FALSE
	EndGlobalSection
	GlobalSection(ExtensibilityGlobals) = postSolution
		SolutionGuid = {223108FE-D01E-4F16-89D8-26DA80F2D41D}
	EndGlobalSection
EndGlobal
